
Microsoft Visual Studio Solution File, Format Version 12.00
# Visual Studio Version 16
VisualStudioVersion = 16.0.30804.86
MinimumVisualStudioVersion = 10.0.40219.1
Project("{FAE04EC0-301F-11D3-BF4B-00C04F79EFBC}") = "Lists2", "Lists2\Lists2.csproj", "{48C89C13-4AA7-4D2E-88C9-3B7ADD1B3E15}"
EndProject
Global
	GlobalSection(SolutionConfigurationPlatforms) = preSolution
		Debug|Any CPU = Debug|Any CPU
		Release|Any CPU = Release|Any CPU
	EndGlobalSection
	GlobalSection(ProjectConfigurationPlatforms) = postSolution
		{48C89C13-4AA7-4D2E-88C9-3B7ADD1B3E15}.Debug|Any CPU.ActiveCfg = Debug|Any CPU
		{48C89C13-4AA7-4D2E-88C9-3B7ADD1B3E15}.Debug|Any CPU.Build.0 = Debug|Any CPU
		{48C89C13-4AA7-4D2E-88C9-3B7ADD1B3E15}.Release|Any CPU.ActiveCfg = Release|Any CPU
		{48C89C13-4AA7-4D2E-88C9-3B7ADD1B3E15}.Release|Any CPU.Build.0 = Release|Any CPU
	EndGlobalSection
	GlobalSection(SolutionProperties) = preSolution
		HideSolutionNode = FALSE
	EndGlobalSection
	GlobalSection(ExtensibilityGlobals) = postSolution
		SolutionGuid = {C4F37C50-4796-4793-AD39-100BDB0AD6B4}
	EndGlobalSection
EndGlobal
