
Microsoft Visual Studio Solution File, Format Version 12.00
# Visual Studio Version 16
VisualStudioVersion = 16.0.30804.86
MinimumVisualStudioVersion = 10.0.40219.1
Project("{FAE04EC0-301F-11D3-BF4B-00C04F79EFBC}") = "RefEOutII", "RefEOutII\RefEOutII.csproj", "{FA79AC69-7031-4043-A436-5F5CFC1B4C17}"
EndProject
Global
	GlobalSection(SolutionConfigurationPlatforms) = preSolution
		Debug|Any CPU = Debug|Any CPU
		Release|Any CPU = Release|Any CPU
	EndGlobalSection
	GlobalSection(ProjectConfigurationPlatforms) = postSolution
		{FA79AC69-7031-4043-A436-5F5CFC1B4C17}.Debug|Any CPU.ActiveCfg = Debug|Any CPU
		{FA79AC69-7031-4043-A436-5F5CFC1B4C17}.Debug|Any CPU.Build.0 = Debug|Any CPU
		{FA79AC69-7031-4043-A436-5F5CFC1B4C17}.Release|Any CPU.ActiveCfg = Release|Any CPU
		{FA79AC69-7031-4043-A436-5F5CFC1B4C17}.Release|Any CPU.Build.0 = Release|Any CPU
	EndGlobalSection
	GlobalSection(SolutionProperties) = preSolution
		HideSolutionNode = FALSE
	EndGlobalSection
	GlobalSection(ExtensibilityGlobals) = postSolution
		SolutionGuid = {EC60F02B-D94C-43A6-B106-8F17E850F681}
	EndGlobalSection
EndGlobal
